
Microsoft Visual Studio Solution File, Format Version 12.00
# Visual Studio 15
VisualStudioVersion = 15.0.27004.2009
MinimumVisualStudioVersion = 10.0.40219.1
Project("{FAE04EC0-301F-11D3-BF4B-00C04F79EFBC}") = "TP3", "TP3\TP3.csproj", "{D31DCD39-0FD9-4726-B088-C77EAF2450B2}"
EndProject
Project("{FAE04EC0-301F-11D3-BF4B-00C04F79EFBC}") = "TP3.Tests", "TP3.Tests\TP3.Tests.csproj", "{16CC498E-913D-42B4-B042-7A65E9E04E44}"
EndProject
Global
	GlobalSection(SolutionConfigurationPlatforms) = preSolution
		Debug|Any CPU = Debug|Any CPU
		Release|Any CPU = Release|Any CPU
	EndGlobalSection
	GlobalSection(ProjectConfigurationPlatforms) = postSolution
		{D31DCD39-0FD9-4726-B088-C77EAF2450B2}.Debug|Any CPU.ActiveCfg = Debug|Any CPU
		{D31DCD39-0FD9-4726-B088-C77EAF2450B2}.Debug|Any CPU.Build.0 = Debug|Any CPU
		{D31DCD39-0FD9-4726-B088-C77EAF2450B2}.Release|Any CPU.ActiveCfg = Release|Any CPU
		{D31DCD39-0FD9-4726-B088-C77EAF2450B2}.Release|Any CPU.Build.0 = Release|Any CPU
		{16CC498E-913D-42B4-B042-7A65E9E04E44}.Debug|Any CPU.ActiveCfg = Debug|Any CPU
		{16CC498E-913D-42B4-B042-7A65E9E04E44}.Debug|Any CPU.Build.0 = Debug|Any CPU
		{16CC498E-913D-42B4-B042-7A65E9E04E44}.Release|Any CPU.ActiveCfg = Release|Any CPU
		{16CC498E-913D-42B4-B042-7A65E9E04E44}.Release|Any CPU.Build.0 = Release|Any CPU
	EndGlobalSection
	GlobalSection(SolutionProperties) = preSolution
		HideSolutionNode = FALSE
	EndGlobalSection
	GlobalSection(ExtensibilityGlobals) = postSolution
		SolutionGuid = {99C0EC15-F52C-452A-BE33-666DF70CC762}
	EndGlobalSection
EndGlobal
